
Microsoft Visual Studio Solution File, Format Version 12.00
# Visual Studio Version 17
VisualStudioVersion = 17.5.002.0
MinimumVisualStudioVersion = 10.0.40219.1
Project("{9A19103F-16F7-4668-BE54-9A1E7A4F7556}") = "Stopwatch", "Stopwatch.csproj", "{E307B086-BC42-4F7B-990E-D95FA6EEC081}"
EndProject
Global
	GlobalSection(SolutionConfigurationPlatforms) = preSolution
		Debug|Any CPU = Debug|Any CPU
		Release|Any CPU = Release|Any CPU
	EndGlobalSection
	GlobalSection(ProjectConfigurationPlatforms) = postSolution
		{E307B086-BC42-4F7B-990E-D95FA6EEC081}.Debug|Any CPU.ActiveCfg = Debug|Any CPU
		{E307B086-BC42-4F7B-990E-D95FA6EEC081}.Debug|Any CPU.Build.0 = Debug|Any CPU
		{E307B086-BC42-4F7B-990E-D95FA6EEC081}.Release|Any CPU.ActiveCfg = Release|Any CPU
		{E307B086-BC42-4F7B-990E-D95FA6EEC081}.Release|Any CPU.Build.0 = Release|Any CPU
	EndGlobalSection
	GlobalSection(SolutionProperties) = preSolution
		HideSolutionNode = FALSE
	EndGlobalSection
	GlobalSection(ExtensibilityGlobals) = postSolution
		SolutionGuid = {B559E257-D42B-41BE-B22B-30EAA62D332B}
	EndGlobalSection
EndGlobal
